// !$*UTF8*$!
{
	archiveVersion = 1;
	classes = {
	};
	objectVersion = 56;
	objects = {

/* Begin PBXBuildFile section */
		FC438B0929D2296300477935 /* CatsandDogsV1App.swift in Sources */ = {isa = PBXBuildFile; fileRef = FC438B0829D2296300477935 /* CatsandDogsV1App.swift */; };
		FC438B0B29D2296300477935 /* ContentView.swift in Sources */ = {isa = PBXBuildFile; fileRef = FC438B0A29D2296300477935 /* ContentView.swift */; };
		FC438B0D29D2296400477935 /* Assets.xcassets in Resources */ = {isa = PBXBuildFile; fileRef = FC438B0C29D2296400477935 /* Assets.xcassets */; };
		FC438B1029D2296400477935 /* Preview Assets.xcassets in Resources */ = {isa = PBXBuildFile; fileRef = FC438B0F29D2296400477935 /* Preview Assets.xcassets */; };
		FC438B1729D229FE00477935 /* Constants.swift in Sources */ = {isa = PBXBuildFile; fileRef = FC438B1629D229FE00477935 /* Constants.swift */; };
		FC438B1929D22A0800477935 /* sample.json in Resources */ = {isa = PBXBuildFile; fileRef = FC438B1829D22A0800477935 /* sample.json */; };
		FC438B1B29D22A0F00477935 /* MobileNetV2.mlmodel in Sources */ = {isa = PBXBuildFile; fileRef = FC438B1A29D22A0F00477935 /* MobileNetV2.mlmodel */; };
		FC438B1D29D22A8600477935 /* Animal.swift in Sources */ = {isa = PBXBuildFile; fileRef = FC438B1C29D22A8600477935 /* Animal.swift */; };
		FC438B1F29D22DC700477935 /* Animal Model.swift in Sources */ = {isa = PBXBuildFile; fileRef = FC438B1E29D22DC700477935 /* Animal Model.swift */; };
/* End PBXBuildFile section */

/* Begin PBXFileReference section */
		FC438B0529D2296300477935 /* CatsandDogsV1.app */ = {isa = PBXFileReference; explicitFileType = wrapper.application; includeInIndex = 0; path = CatsandDogsV1.app; sourceTree = BUILT_PRODUCTS_DIR; };
		FC438B0829D2296300477935 /* CatsandDogsV1App.swift */ = {isa = PBXFileReference; lastKnownFileType = sourcecode.swift; path = CatsandDogsV1App.swift; sourceTree = "<group>"; };
		FC438B0A29D2296300477935 /* ContentView.swift */ = {isa = PBXFileReference; lastKnownFileType = sourcecode.swift; path = ContentView.swift; sourceTree = "<group>"; };
		FC438B0C29D2296400477935 /* Assets.xcassets */ = {isa = PBXFileReference; lastKnownFileType = folder.assetcatalog; path = Assets.xcassets; sourceTree = "<group>"; };
		FC438B0F29D2296400477935 /* Preview Assets.xcassets */ = {isa = PBXFileReference; lastKnownFileType = folder.assetcatalog; path = "Preview Assets.xcassets"; sourceTree = "<group>"; };
		FC438B1629D229FE00477935 /* Constants.swift */ = {isa = PBXFileReference; fileEncoding = 4; lastKnownFileType = sourcecode.swift; name = Constants.swift; path = ../../../../Downloads/Constants.swift; sourceTree = "<group>"; };
		FC438B1829D22A0800477935 /* sample.json */ = {isa = PBXFileReference; fileEncoding = 4; lastKnownFileType = text.json; name = sample.json; path = ../../../../Downloads/sample.json; sourceTree = "<group>"; };
		FC438B1A29D22A0F00477935 /* MobileNetV2.mlmodel */ = {isa = PBXFileReference; lastKnownFileType = file.mlmodel; name = MobileNetV2.mlmodel; path = ../../../../Downloads/MobileNetV2.mlmodel; sourceTree = "<group>"; };
		FC438B1C29D22A8600477935 /* Animal.swift */ = {isa = PBXFileReference; lastKnownFileType = sourcecode.swift; path = Animal.swift; sourceTree = "<group>"; };
		FC438B1E29D22DC700477935 /* Animal Model.swift */ = {isa = PBXFileReference; lastKnownFileType = sourcecode.swift; path = "Animal Model.swift"; sourceTree = "<group>"; };
/* End PBXFileReference section */

/* Begin PBXFrameworksBuildPhase section */
		FC438B0229D2296300477935 /* Frameworks */ = {
			isa = PBXFrameworksBuildPhase;
			buildActionMask = 2147483647;
			files = (
			);
			runOnlyForDeploymentPostprocessing = 0;
		};
/* End PBXFrameworksBuildPhase section */

/* Begin PBXGroup section */
		FC438AFC29D2296300477935 = {
			isa = PBXGroup;
			children = (
				FC438B0729D2296300477935 /* CatsandDogsV1 */,
				FC438B0629D2296300477935 /* Products */,
			);
			sourceTree = "<group>";
		};
		FC438B0629D2296300477935 /* Products */ = {
			isa = PBXGroup;
			children = (
				FC438B0529D2296300477935 /* CatsandDogsV1.app */,
			);
			name = Products;
			sourceTree = "<group>";
		};
		FC438B0729D2296300477935 /* CatsandDogsV1 */ = {
			isa = PBXGroup;
			children = (
				FC438B0829D2296300477935 /* CatsandDogsV1App.swift */,
				FC438B0A29D2296300477935 /* ContentView.swift */,
				FC438B1629D229FE00477935 /* Constants.swift */,
				FC438B1829D22A0800477935 /* sample.json */,
				FC438B1A29D22A0F00477935 /* MobileNetV2.mlmodel */,
				FC438B0C29D2296400477935 /* Assets.xcassets */,
				FC438B0E29D2296400477935 /* Preview Content */,
				FC438B1C29D22A8600477935 /* Animal.swift */,
				FC438B1E29D22DC700477935 /* Animal Model.swift */,
			);
			path = CatsandDogsV1;
			sourceTree = "<group>";
		};
		FC438B0E29D2296400477935 /* Preview Content */ = {
			isa = PBXGroup;
			children = (
				FC438B0F29D2296400477935 /* Preview Assets.xcassets */,
			);
			path = "Preview Content";
			sourceTree = "<group>";
		};
/* End PBXGroup section */

/* Begin PBXNativeTarget section */
		FC438B0429D2296300477935 /* CatsandDogsV1 */ = {
			isa = PBXNativeTarget;
			buildConfigurationList = FC438B1329D2296400477935 /* Build configuration list for PBXNativeTarget "CatsandDogsV1" */;
			buildPhases = (
				FC438B0129D2296300477935 /* Sources */,
				FC438B0229D2296300477935 /* Frameworks */,
				FC438B0329D2296300477935 /* Resources */,
			);
			buildRules = (
			);
			dependencies = (
			);
			name = CatsandDogsV1;
			productName = CatsandDogsV1;
			productReference = FC438B0529D2296300477935 /* CatsandDogsV1.app */;
			productType = "com.apple.product-type.application";
		};
/* End PBXNativeTarget section */

/* Begin PBXProject section */
		FC438AFD29D2296300477935 /* Project object */ = {
			isa = PBXProject;
			attributes = {
				BuildIndependentTargetsInParallel = 1;
				LastSwiftUpdateCheck = 1420;
				LastUpgradeCheck = 1420;
				TargetAttributes = {
					FC438B0429D2296300477935 = {
						CreatedOnToolsVersion = 14.2;
					};
				};
			};
			buildConfigurationList = FC438B0029D2296300477935 /* Build configuration list for PBXProject "CatsandDogsV1" */;
			compatibilityVersion = "Xcode 14.0";
			developmentRegion = en;
			hasScannedForEncodings = 0;
			knownRegions = (
				en,
				Base,
			);
			mainGroup = FC438AFC29D2296300477935;
			productRefGroup = FC438B0629D2296300477935 /* Products */;
			projectDirPath = "";
			projectRoot = "";
			targets = (
				FC438B0429D2296300477935 /* CatsandDogsV1 */,
			);
		};
/* End PBXProject section */

/* Begin PBXResourcesBuildPhase section */
		FC438B0329D2296300477935 /* Resources */ = {
			isa = PBXResourcesBuildPhase;
			buildActionMask = 2147483647;
			files = (
				FC438B1029D2296400477935 /* Preview Assets.xcassets in Resources */,
				FC438B0D29D2296400477935 /* Assets.xcassets in Resources */,
				FC438B1929D22A0800477935 /* sample.json in Resources */,
			);
			runOnlyForDeploymentPostprocessing = 0;
		};
/* End PBXResourcesBuildPhase section */

/* Begin PBXSourcesBuildPhase section */
		FC438B0129D2296300477935 /* Sources */ = {
			isa = PBXSourcesBuildPhase;
			buildActionMask = 2147483647;
			files = (
				FC438B0B29D2296300477935 /* ContentView.swift in Sources */,
				FC438B0929D2296300477935 /* CatsandDogsV1App.swift in Sources */,
				FC438B1B29D22A0F00477935 /* MobileNetV2.mlmodel in Sources */,
				FC438B1729D229FE00477935 /* Constants.swift in Sources */,
				FC438B1F29D22DC700477935 /* Animal Model.swift in Sources */,
				FC438B1D29D22A8600477935 /* Animal.swift in Sources */,
			);
			runOnlyForDeploymentPostprocessing = 0;
		};
/* End PBXSourcesBuildPhase section */

/* Begin XCBuildConfiguration section */
		FC438B1129D2296400477935 /* Debug */ = {
			isa = XCBuildConfiguration;
			buildSettings = {
				ALWAYS_SEARCH_USER_PATHS = NO;
				CLANG_ANALYZER_NONNULL = YES;
				CLANG_ANALYZER_NUMBER_OBJECT_CONVERSION = YES_AGGRESSIVE;
				CLANG_CXX_LANGUAGE_STANDARD = "gnu++20";
				CLANG_ENABLE_MODULES = YES;
				CLANG_ENABLE_OBJC_ARC = YES;
				CLANG_ENABLE_OBJC_WEAK = YES;
				CLANG_WARN_BLOCK_CAPTURE_AUTORELEASING = YES;
				CLANG_WARN_BOOL_CONVERSION = YES;
				CLANG_WARN_COMMA = YES;
				CLANG_WARN_CONSTANT_CONVERSION = YES;
				CLANG_WARN_DEPRECATED_OBJC_IMPLEMENTATIONS = YES;
				CLANG_WARN_DIRECT_OBJC_ISA_USAGE = YES_ERROR;
				CLANG_WARN_DOCUMENTATION_COMMENTS = YES;
				CLANG_WARN_EMPTY_BODY = YES;
				CLANG_WARN_ENUM_CONVERSION = YES;
				CLANG_WARN_INFINITE_RECURSION = YES;
				CLANG_WARN_INT_CONVERSION = YES;
				CLANG_WARN_NON_LITERAL_NULL_CONVERSION = YES;
				CLANG_WARN_OBJC_IMPLICIT_RETAIN_SELF = YES;
				CLANG_WARN_OBJC_LITERAL_CONVERSION = YES;
				CLANG_WARN_OBJC_ROOT_CLASS = YES_ERROR;
				CLANG_WARN_QUOTED_INCLUDE_IN_FRAMEWORK_HEADER = YES;
				CLANG_WARN_RANGE_LOOP_ANALYSIS = YES;
				CLANG_WARN_STRICT_PROTOTYPES = YES;
				CLANG_WARN_SUSPICIOUS_MOVE = YES;
				CLANG_WARN_UNGUARDED_AVAILABILITY = YES_AGGRESSIVE;
				CLANG_WARN_UNREACHABLE_CODE = YES;
				CLANG_WARN__DUPLICATE_METHOD_MATCH = YES;
				COPY_PHASE_STRIP = NO;
				DEBUG_INFORMATION_FORMAT = dwarf;
				ENABLE_STRICT_OBJC_MSGSEND = YES;
				ENABLE_TESTABILITY = YES;
				GCC_C_LANGUAGE_STANDARD = gnu11;
				GCC_DYNAMIC_NO_PIC = NO;
				GCC_NO_COMMON_BLOCKS = YES;
				GCC_OPTIMIZATION_LEVEL = 0;
				GCC_PREPROCESSOR_DEFINITIONS = (
					"DEBUG=1",
					"$(inherited)",
				);
				GCC_WARN_64_TO_32_BIT_CONVERSION = YES;
				GCC_WARN_ABOUT_RETURN_TYPE = YES_ERROR;
				GCC_WARN_UNDECLARED_SELECTOR = YES;
				GCC_WARN_UNINITIALIZED_AUTOS = YES_AGGRESSIVE;
				GCC_WARN_UNUSED_FUNCTION = YES;
				GCC_WARN_UNUSED_VARIABLE = YES;
				IPHONEOS_DEPLOYMENT_TARGET = 16.2;
				MTL_ENABLE_DEBUG_INFO = INCLUDE_SOURCE;
				MTL_FAST_MATH = YES;
				ONLY_ACTIVE_ARCH = YES;
				SDKROOT = iphoneos;
				SWIFT_ACTIVE_COMPILATION_CONDITIONS = DEBUG;
				SWIFT_OPTIMIZATION_LEVEL = "-Onone";
			};
			name = Debug;
		};
		FC438B1229D2296400477935 /* Release */ = {
			isa = XCBuildConfiguration;
			buildSettings = {
				ALWAYS_SEARCH_USER_PATHS = NO;
				CLANG_ANALYZER_NONNULL = YES;
				CLANG_ANALYZER_NUMBER_OBJECT_CONVERSION = YES_AGGRESSIVE;
				CLANG_CXX_LANGUAGE_STANDARD = "gnu++20";
				CLANG_ENABLE_MODULES = YES;
				CLANG_ENABLE_OBJC_ARC = YES;
				CLANG_ENABLE_OBJC_WEAK = YES;
				CLANG_WARN_BLOCK_CAPTURE_AUTORELEASING = YES;
				CLANG_WARN_BOOL_CONVERSION = YES;
				CLANG_WARN_COMMA = YES;
				CLANG_WARN_CONSTANT_CONVERSION = YES;
				CLANG_WARN_DEPRECATED_OBJC_IMPLEMENTATIONS = YES;
				CLANG_WARN_DIRECT_OBJC_ISA_USAGE = YES_ERROR;
				CLANG_WARN_DOCUMENTATION_COMMENTS = YES;
				CLANG_WARN_EMPTY_BODY = YES;
				CLANG_WARN_ENUM_CONVERSION = YES;
				CLANG_WARN_INFINITE_RECURSION = YES;
				CLANG_WARN_INT_CONVERSION = YES;
				CLANG_WARN_NON_LITERAL_NULL_CONVERSION = YES;
				CLANG_WARN_OBJC_IMPLICIT_RETAIN_SELF = YES;
				CLANG_WARN_OBJC_LITERAL_CONVERSION = YES;
				CLANG_WARN_OBJC_ROOT_CLASS = YES_ERROR;
				CLANG_WARN_QUOTED_INCLUDE_IN_FRAMEWORK_HEADER = YES;
				CLANG_WARN_RANGE_LOOP_ANALYSIS = YES;
				CLANG_WARN_STRICT_PROTOTYPES = YES;
				CLANG_WARN_SUSPICIOUS_MOVE = YES;
				CLANG_WARN_UNGUARDED_AVAILABILITY = YES_AGGRESSIVE;
				CLANG_WARN_UNREACHABLE_CODE = YES;
				CLANG_WARN__DUPLICATE_METHOD_MATCH = YES;
				COPY_PHASE_STRIP = NO;
				DEBUG_INFORMATION_FORMAT = "dwarf-with-dsym";
				ENABLE_NS_ASSERTIONS = NO;
				ENABLE_STRICT_OBJC_MSGSEND = YES;
				GCC_C_LANGUAGE_STANDARD = gnu11;
				GCC_NO_COMMON_BLOCKS = YES;
				GCC_WARN_64_TO_32_BIT_CONVERSION = YES;
				GCC_WARN_ABOUT_RETURN_TYPE = YES_ERROR;
				GCC_WARN_UNDECLARED_SELECTOR = YES;
				GCC_WARN_UNINITIALIZED_AUTOS = YES_AGGRESSIVE;
				GCC_WARN_UNUSED_FUNCTION = YES;
				GCC_WARN_UNUSED_VARIABLE = YES;
				IPHONEOS_DEPLOYMENT_TARGET = 16.2;
				MTL_ENABLE_DEBUG_INFO = NO;
				MTL_FAST_MATH = YES;
				SDKROOT = iphoneos;
				SWIFT_COMPILATION_MODE = wholemodule;
				SWIFT_OPTIMIZATION_LEVEL = "-O";
				VALIDATE_PRODUCT = YES;
			};
			name = Release;
		};
		FC438B1429D2296400477935 /* Debug */ = {
			isa = XCBuildConfiguration;
			buildSettings = {
				ASSETCATALOG_COMPILER_APPICON_NAME = AppIcon;
				ASSETCATALOG_COMPILER_GLOBAL_ACCENT_COLOR_NAME = AccentColor;
				CODE_SIGN_STYLE = Automatic;
				CURRENT_PROJECT_VERSION = 1;
				DEVELOPMENT_ASSET_PATHS = "\"CatsandDogsV1/Preview Content\"";
				ENABLE_PREVIEWS = YES;
				GENERATE_INFOPLIST_FILE = YES;
				INFOPLIST_KEY_UIApplicationSceneManifest_Generation = YES;
				INFOPLIST_KEY_UIApplicationSupportsIndirectInputEvents = YES;
				INFOPLIST_KEY_UILaunchScreen_Generation = YES;
				INFOPLIST_KEY_UISupportedInterfaceOrientations_iPad = "UIInterfaceOrientationPortrait UIInterfaceOrientationPortraitUpsideDown UIInterfaceOrientationLandscapeLeft UIInterfaceOrientationLandscapeRight";
				INFOPLIST_KEY_UISupportedInterfaceOrientations_iPhone = "UIInterfaceOrientationPortrait UIInterfaceOrientationLandscapeLeft UIInterfaceOrientationLandscapeRight";
				LD_RUNPATH_SEARCH_PATHS = (
					"$(inherited)",
					"@executable_path/Frameworks",
				);
				MARKETING_VERSION = 1.0;
				PRODUCT_BUNDLE_IDENTIFIER = ruttala.CatsandDogsV1;
				PRODUCT_NAME = "$(TARGET_NAME)";
				SWIFT_EMIT_LOC_STRINGS = YES;
				SWIFT_VERSION = 5.0;
				TARGETED_DEVICE_FAMILY = "1,2";
			};
			name = Debug;
		};
		FC438B1529D2296400477935 /* Release */ = {
			isa = XCBuildConfiguration;
			buildSettings = {
				ASSETCATALOG_COMPILER_APPICON_NAME = AppIcon;
				ASSETCATALOG_COMPILER_GLOBAL_ACCENT_COLOR_NAME = AccentColor;
				CODE_SIGN_STYLE = Automatic;
				CURRENT_PROJECT_VERSION = 1;
				DEVELOPMENT_ASSET_PATHS = "\"CatsandDogsV1/Preview Content\"";
				ENABLE_PREVIEWS = YES;
				GENERATE_INFOPLIST_FILE = YES;
				INFOPLIST_KEY_UIApplicationSceneManifest_Generation = YES;
				INFOPLIST_KEY_UIApplicationSupportsIndirectInputEvents = YES;
				INFOPLIST_KEY_UILaunchScreen_Generation = YES;
				INFOPLIST_KEY_UISupportedInterfaceOrientations_iPad = "UIInterfaceOrientationPortrait UIInterfaceOrientationPortraitUpsideDown UIInterfaceOrientationLandscapeLeft UIInterfaceOrientationLandscapeRight";
				INFOPLIST_KEY_UISupportedInterfaceOrientations_iPhone = "UIInterfaceOrientationPortrait UIInterfaceOrientationLandscapeLeft UIInterfaceOrientationLandscapeRight";
				LD_RUNPATH_SEARCH_PATHS = (
					"$(inherited)",
					"@executable_path/Frameworks",
				);
				MARKETING_VERSION = 1.0;
				PRODUCT_BUNDLE_IDENTIFIER = ruttala.CatsandDogsV1;
				PRODUCT_NAME = "$(TARGET_NAME)";
				SWIFT_EMIT_LOC_STRINGS = YES;
				SWIFT_VERSION = 5.0;
				TARGETED_DEVICE_FAMILY = "1,2";
			};
			name = Release;
		};
/* End XCBuildConfiguration section */

/* Begin XCConfigurationList section */
		FC438B0029D2296300477935 /* Build configuration list for PBXProject "CatsandDogsV1" */ = {
			isa = XCConfigurationList;
			buildConfigurations = (
				FC438B1129D2296400477935 /* Debug */,
				FC438B1229D2296400477935 /* Release */,
			);
			defaultConfigurationIsVisible = 0;
			defaultConfigurationName = Release;
		};
		FC438B1329D2296400477935 /* Build configuration list for PBXNativeTarget "CatsandDogsV1" */ = {
			isa = XCConfigurationList;
			buildConfigurations = (
				FC438B1429D2296400477935 /* Debug */,
				FC438B1529D2296400477935 /* Release */,
			);
			defaultConfigurationIsVisible = 0;
			defaultConfigurationName = Release;
		};
/* End XCConfigurationList section */
	};
	rootObject = FC438AFD29D2296300477935 /* Project object */;
}
