// !$*UTF8*$!
{
	archiveVersion = 1;
	classes = {
	};
	objectVersion = 56;
	objects = {

/* Begin PBXBuildFile section */
		FC1284C229AFF1A900771FB8 /* Models.swift in Sources */ = {isa = PBXBuildFile; fileRef = FC1284C129AFF1A900771FB8 /* Models.swift */; };
		FC4D528D29AD530100AF06A5 /* EdTechPlatformApp.swift in Sources */ = {isa = PBXBuildFile; fileRef = FC4D528C29AD530100AF06A5 /* EdTechPlatformApp.swift */; };
		FC4D528F29AD530100AF06A5 /* HomeView.swift in Sources */ = {isa = PBXBuildFile; fileRef = FC4D528E29AD530100AF06A5 /* HomeView.swift */; };
		FC4D529129AD530200AF06A5 /* Assets.xcassets in Resources */ = {isa = PBXBuildFile; fileRef = FC4D529029AD530200AF06A5 /* Assets.xcassets */; };
		FC4D529429AD530200AF06A5 /* Preview Assets.xcassets in Resources */ = {isa = PBXBuildFile; fileRef = FC4D529329AD530200AF06A5 /* Preview Assets.xcassets */; };
		FC4D52A029AD54CA00AF06A5 /* ContentModel.swift in Sources */ = {isa = PBXBuildFile; fileRef = FC4D529F29AD54CA00AF06A5 /* ContentModel.swift */; };
		FC4D52A229AD57F600AF06A5 /* data.json in Resources */ = {isa = PBXBuildFile; fileRef = FC4D52A129AD57F600AF06A5 /* data.json */; };
/* End PBXBuildFile section */

/* Begin PBXFileReference section */
		FC1284C129AFF1A900771FB8 /* Models.swift */ = {isa = PBXFileReference; lastKnownFileType = sourcecode.swift; path = Models.swift; sourceTree = "<group>"; };
		FC4D528929AD530100AF06A5 /* EdTechPlatformApp.app */ = {isa = PBXFileReference; explicitFileType = wrapper.application; includeInIndex = 0; path = EdTechPlatformApp.app; sourceTree = BUILT_PRODUCTS_DIR; };
		FC4D528C29AD530100AF06A5 /* EdTechPlatformApp.swift */ = {isa = PBXFileReference; lastKnownFileType = sourcecode.swift; path = EdTechPlatformApp.swift; sourceTree = "<group>"; };
		FC4D528E29AD530100AF06A5 /* HomeView.swift */ = {isa = PBXFileReference; lastKnownFileType = sourcecode.swift; path = HomeView.swift; sourceTree = "<group>"; };
		FC4D529029AD530200AF06A5 /* Assets.xcassets */ = {isa = PBXFileReference; lastKnownFileType = folder.assetcatalog; path = Assets.xcassets; sourceTree = "<group>"; };
		FC4D529329AD530200AF06A5 /* Preview Assets.xcassets */ = {isa = PBXFileReference; lastKnownFileType = folder.assetcatalog; path = "Preview Assets.xcassets"; sourceTree = "<group>"; };
		FC4D529F29AD54CA00AF06A5 /* ContentModel.swift */ = {isa = PBXFileReference; lastKnownFileType = sourcecode.swift; path = ContentModel.swift; sourceTree = "<group>"; };
		FC4D52A129AD57F600AF06A5 /* data.json */ = {isa = PBXFileReference; fileEncoding = 4; lastKnownFileType = text.json; name = data.json; path = ../../../../../Downloads/data.json; sourceTree = "<group>"; };
/* End PBXFileReference section */

/* Begin PBXFrameworksBuildPhase section */
		FC4D528629AD530100AF06A5 /* Frameworks */ = {
			isa = PBXFrameworksBuildPhase;
			buildActionMask = 2147483647;
			files = (
			);
			runOnlyForDeploymentPostprocessing = 0;
		};
/* End PBXFrameworksBuildPhase section */

/* Begin PBXGroup section */
		FC4D528029AD530100AF06A5 = {
			isa = PBXGroup;
			children = (
				FC4D528B29AD530100AF06A5 /* EdTechPlatformApp */,
				FC4D528A29AD530100AF06A5 /* Products */,
			);
			sourceTree = "<group>";
		};
		FC4D528A29AD530100AF06A5 /* Products */ = {
			isa = PBXGroup;
			children = (
				FC4D528929AD530100AF06A5 /* EdTechPlatformApp.app */,
			);
			name = Products;
			sourceTree = "<group>";
		};
		FC4D528B29AD530100AF06A5 /* EdTechPlatformApp */ = {
			isa = PBXGroup;
			children = (
				FC4D528C29AD530100AF06A5 /* EdTechPlatformApp.swift */,
				FC4D529A29AD541B00AF06A5 /* Views */,
				FC4D529B29AD542400AF06A5 /* ViewModels */,
				FC4D529E29AD543800AF06A5 /* Helpers */,
				FC4D529D29AD543200AF06A5 /* Resources */,
				FC4D529C29AD542B00AF06A5 /* Models */,
				FC4D529029AD530200AF06A5 /* Assets.xcassets */,
				FC4D529229AD530200AF06A5 /* Preview Content */,
			);
			path = EdTechPlatformApp;
			sourceTree = "<group>";
		};
		FC4D529229AD530200AF06A5 /* Preview Content */ = {
			isa = PBXGroup;
			children = (
				FC4D529329AD530200AF06A5 /* Preview Assets.xcassets */,
			);
			path = "Preview Content";
			sourceTree = "<group>";
		};
		FC4D529A29AD541B00AF06A5 /* Views */ = {
			isa = PBXGroup;
			children = (
				FC4D528E29AD530100AF06A5 /* HomeView.swift */,
			);
			path = Views;
			sourceTree = "<group>";
		};
		FC4D529B29AD542400AF06A5 /* ViewModels */ = {
			isa = PBXGroup;
			children = (
				FC4D529F29AD54CA00AF06A5 /* ContentModel.swift */,
			);
			path = ViewModels;
			sourceTree = "<group>";
		};
		FC4D529C29AD542B00AF06A5 /* Models */ = {
			isa = PBXGroup;
			children = (
				FC1284C129AFF1A900771FB8 /* Models.swift */,
			);
			path = Models;
			sourceTree = "<group>";
		};
		FC4D529D29AD543200AF06A5 /* Resources */ = {
			isa = PBXGroup;
			children = (
				FC4D52A129AD57F600AF06A5 /* data.json */,
			);
			path = Resources;
			sourceTree = "<group>";
		};
		FC4D529E29AD543800AF06A5 /* Helpers */ = {
			isa = PBXGroup;
			children = (
			);
			path = Helpers;
			sourceTree = "<group>";
		};
/* End PBXGroup section */

/* Begin PBXNativeTarget section */
		FC4D528829AD530100AF06A5 /* EdTechPlatformApp */ = {
			isa = PBXNativeTarget;
			buildConfigurationList = FC4D529729AD530200AF06A5 /* Build configuration list for PBXNativeTarget "EdTechPlatformApp" */;
			buildPhases = (
				FC4D528529AD530100AF06A5 /* Sources */,
				FC4D528629AD530100AF06A5 /* Frameworks */,
				FC4D528729AD530100AF06A5 /* Resources */,
			);
			buildRules = (
			);
			dependencies = (
			);
			name = EdTechPlatformApp;
			productName = EdTechPlatformApp;
			productReference = FC4D528929AD530100AF06A5 /* EdTechPlatformApp.app */;
			productType = "com.apple.product-type.application";
		};
/* End PBXNativeTarget section */

/* Begin PBXProject section */
		FC4D528129AD530100AF06A5 /* Project object */ = {
			isa = PBXProject;
			attributes = {
				BuildIndependentTargetsInParallel = 1;
				LastSwiftUpdateCheck = 1420;
				LastUpgradeCheck = 1420;
				TargetAttributes = {
					FC4D528829AD530100AF06A5 = {
						CreatedOnToolsVersion = 14.2;
					};
				};
			};
			buildConfigurationList = FC4D528429AD530100AF06A5 /* Build configuration list for PBXProject "EdTechPlatformApp" */;
			compatibilityVersion = "Xcode 14.0";
			developmentRegion = en;
			hasScannedForEncodings = 0;
			knownRegions = (
				en,
				Base,
			);
			mainGroup = FC4D528029AD530100AF06A5;
			productRefGroup = FC4D528A29AD530100AF06A5 /* Products */;
			projectDirPath = "";
			projectRoot = "";
			targets = (
				FC4D528829AD530100AF06A5 /* EdTechPlatformApp */,
			);
		};
/* End PBXProject section */

/* Begin PBXResourcesBuildPhase section */
		FC4D528729AD530100AF06A5 /* Resources */ = {
			isa = PBXResourcesBuildPhase;
			buildActionMask = 2147483647;
			files = (
				FC4D529429AD530200AF06A5 /* Preview Assets.xcassets in Resources */,
				FC4D52A229AD57F600AF06A5 /* data.json in Resources */,
				FC4D529129AD530200AF06A5 /* Assets.xcassets in Resources */,
			);
			runOnlyForDeploymentPostprocessing = 0;
		};
/* End PBXResourcesBuildPhase section */

/* Begin PBXSourcesBuildPhase section */
		FC4D528529AD530100AF06A5 /* Sources */ = {
			isa = PBXSourcesBuildPhase;
			buildActionMask = 2147483647;
			files = (
				FC4D528F29AD530100AF06A5 /* HomeView.swift in Sources */,
				FC4D528D29AD530100AF06A5 /* EdTechPlatformApp.swift in Sources */,
				FC4D52A029AD54CA00AF06A5 /* ContentModel.swift in Sources */,
				FC1284C229AFF1A900771FB8 /* Models.swift in Sources */,
			);
			runOnlyForDeploymentPostprocessing = 0;
		};
/* End PBXSourcesBuildPhase section */

/* Begin XCBuildConfiguration section */
		FC4D529529AD530200AF06A5 /* Debug */ = {
			isa = XCBuildConfiguration;
			buildSettings = {
				ALWAYS_SEARCH_USER_PATHS = NO;
				CLANG_ANALYZER_NONNULL = YES;
				CLANG_ANALYZER_NUMBER_OBJECT_CONVERSION = YES_AGGRESSIVE;
				CLANG_CXX_LANGUAGE_STANDARD = "gnu++20";
				CLANG_ENABLE_MODULES = YES;
				CLANG_ENABLE_OBJC_ARC = YES;
				CLANG_ENABLE_OBJC_WEAK = YES;
				CLANG_WARN_BLOCK_CAPTURE_AUTORELEASING = YES;
				CLANG_WARN_BOOL_CONVERSION = YES;
				CLANG_WARN_COMMA = YES;
				CLANG_WARN_CONSTANT_CONVERSION = YES;
				CLANG_WARN_DEPRECATED_OBJC_IMPLEMENTATIONS = YES;
				CLANG_WARN_DIRECT_OBJC_ISA_USAGE = YES_ERROR;
				CLANG_WARN_DOCUMENTATION_COMMENTS = YES;
				CLANG_WARN_EMPTY_BODY = YES;
				CLANG_WARN_ENUM_CONVERSION = YES;
				CLANG_WARN_INFINITE_RECURSION = YES;
				CLANG_WARN_INT_CONVERSION = YES;
				CLANG_WARN_NON_LITERAL_NULL_CONVERSION = YES;
				CLANG_WARN_OBJC_IMPLICIT_RETAIN_SELF = YES;
				CLANG_WARN_OBJC_LITERAL_CONVERSION = YES;
				CLANG_WARN_OBJC_ROOT_CLASS = YES_ERROR;
				CLANG_WARN_QUOTED_INCLUDE_IN_FRAMEWORK_HEADER = YES;
				CLANG_WARN_RANGE_LOOP_ANALYSIS = YES;
				CLANG_WARN_STRICT_PROTOTYPES = YES;
				CLANG_WARN_SUSPICIOUS_MOVE = YES;
				CLANG_WARN_UNGUARDED_AVAILABILITY = YES_AGGRESSIVE;
				CLANG_WARN_UNREACHABLE_CODE = YES;
				CLANG_WARN__DUPLICATE_METHOD_MATCH = YES;
				COPY_PHASE_STRIP = NO;
				DEBUG_INFORMATION_FORMAT = dwarf;
				ENABLE_STRICT_OBJC_MSGSEND = YES;
				ENABLE_TESTABILITY = YES;
				GCC_C_LANGUAGE_STANDARD = gnu11;
				GCC_DYNAMIC_NO_PIC = NO;
				GCC_NO_COMMON_BLOCKS = YES;
				GCC_OPTIMIZATION_LEVEL = 0;
				GCC_PREPROCESSOR_DEFINITIONS = (
					"DEBUG=1",
					"$(inherited)",
				);
				GCC_WARN_64_TO_32_BIT_CONVERSION = YES;
				GCC_WARN_ABOUT_RETURN_TYPE = YES_ERROR;
				GCC_WARN_UNDECLARED_SELECTOR = YES;
				GCC_WARN_UNINITIALIZED_AUTOS = YES_AGGRESSIVE;
				GCC_WARN_UNUSED_FUNCTION = YES;
				GCC_WARN_UNUSED_VARIABLE = YES;
				IPHONEOS_DEPLOYMENT_TARGET = 16.2;
				MTL_ENABLE_DEBUG_INFO = INCLUDE_SOURCE;
				MTL_FAST_MATH = YES;
				ONLY_ACTIVE_ARCH = YES;
				SDKROOT = iphoneos;
				SWIFT_ACTIVE_COMPILATION_CONDITIONS = DEBUG;
				SWIFT_OPTIMIZATION_LEVEL = "-Onone";
			};
			name = Debug;
		};
		FC4D529629AD530200AF06A5 /* Release */ = {
			isa = XCBuildConfiguration;
			buildSettings = {
				ALWAYS_SEARCH_USER_PATHS = NO;
				CLANG_ANALYZER_NONNULL = YES;
				CLANG_ANALYZER_NUMBER_OBJECT_CONVERSION = YES_AGGRESSIVE;
				CLANG_CXX_LANGUAGE_STANDARD = "gnu++20";
				CLANG_ENABLE_MODULES = YES;
				CLANG_ENABLE_OBJC_ARC = YES;
				CLANG_ENABLE_OBJC_WEAK = YES;
				CLANG_WARN_BLOCK_CAPTURE_AUTORELEASING = YES;
				CLANG_WARN_BOOL_CONVERSION = YES;
				CLANG_WARN_COMMA = YES;
				CLANG_WARN_CONSTANT_CONVERSION = YES;
				CLANG_WARN_DEPRECATED_OBJC_IMPLEMENTATIONS = YES;
				CLANG_WARN_DIRECT_OBJC_ISA_USAGE = YES_ERROR;
				CLANG_WARN_DOCUMENTATION_COMMENTS = YES;
				CLANG_WARN_EMPTY_BODY = YES;
				CLANG_WARN_ENUM_CONVERSION = YES;
				CLANG_WARN_INFINITE_RECURSION = YES;
				CLANG_WARN_INT_CONVERSION = YES;
				CLANG_WARN_NON_LITERAL_NULL_CONVERSION = YES;
				CLANG_WARN_OBJC_IMPLICIT_RETAIN_SELF = YES;
				CLANG_WARN_OBJC_LITERAL_CONVERSION = YES;
				CLANG_WARN_OBJC_ROOT_CLASS = YES_ERROR;
				CLANG_WARN_QUOTED_INCLUDE_IN_FRAMEWORK_HEADER = YES;
				CLANG_WARN_RANGE_LOOP_ANALYSIS = YES;
				CLANG_WARN_STRICT_PROTOTYPES = YES;
				CLANG_WARN_SUSPICIOUS_MOVE = YES;
				CLANG_WARN_UNGUARDED_AVAILABILITY = YES_AGGRESSIVE;
				CLANG_WARN_UNREACHABLE_CODE = YES;
				CLANG_WARN__DUPLICATE_METHOD_MATCH = YES;
				COPY_PHASE_STRIP = NO;
				DEBUG_INFORMATION_FORMAT = "dwarf-with-dsym";
				ENABLE_NS_ASSERTIONS = NO;
				ENABLE_STRICT_OBJC_MSGSEND = YES;
				GCC_C_LANGUAGE_STANDARD = gnu11;
				GCC_NO_COMMON_BLOCKS = YES;
				GCC_WARN_64_TO_32_BIT_CONVERSION = YES;
				GCC_WARN_ABOUT_RETURN_TYPE = YES_ERROR;
				GCC_WARN_UNDECLARED_SELECTOR = YES;
				GCC_WARN_UNINITIALIZED_AUTOS = YES_AGGRESSIVE;
				GCC_WARN_UNUSED_FUNCTION = YES;
				GCC_WARN_UNUSED_VARIABLE = YES;
				IPHONEOS_DEPLOYMENT_TARGET = 16.2;
				MTL_ENABLE_DEBUG_INFO = NO;
				MTL_FAST_MATH = YES;
				SDKROOT = iphoneos;
				SWIFT_COMPILATION_MODE = wholemodule;
				SWIFT_OPTIMIZATION_LEVEL = "-O";
				VALIDATE_PRODUCT = YES;
			};
			name = Release;
		};
		FC4D529829AD530200AF06A5 /* Debug */ = {
			isa = XCBuildConfiguration;
			buildSettings = {
				ASSETCATALOG_COMPILER_APPICON_NAME = AppIcon;
				ASSETCATALOG_COMPILER_GLOBAL_ACCENT_COLOR_NAME = AccentColor;
				CODE_SIGN_STYLE = Automatic;
				CURRENT_PROJECT_VERSION = 1;
				DEVELOPMENT_ASSET_PATHS = "\"EdTechPlatformApp/Preview Content\"";
				ENABLE_PREVIEWS = YES;
				GENERATE_INFOPLIST_FILE = YES;
				INFOPLIST_KEY_UIApplicationSceneManifest_Generation = YES;
				INFOPLIST_KEY_UIApplicationSupportsIndirectInputEvents = YES;
				INFOPLIST_KEY_UILaunchScreen_Generation = YES;
				INFOPLIST_KEY_UISupportedInterfaceOrientations_iPad = "UIInterfaceOrientationPortrait UIInterfaceOrientationPortraitUpsideDown UIInterfaceOrientationLandscapeLeft UIInterfaceOrientationLandscapeRight";
				INFOPLIST_KEY_UISupportedInterfaceOrientations_iPhone = "UIInterfaceOrientationPortrait UIInterfaceOrientationLandscapeLeft UIInterfaceOrientationLandscapeRight";
				LD_RUNPATH_SEARCH_PATHS = (
					"$(inherited)",
					"@executable_path/Frameworks",
				);
				MARKETING_VERSION = 1.0;
				PRODUCT_BUNDLE_IDENTIFIER = ruttala.EdTechPlatformApp;
				PRODUCT_NAME = "$(TARGET_NAME)";
				SWIFT_EMIT_LOC_STRINGS = YES;
				SWIFT_VERSION = 5.0;
				TARGETED_DEVICE_FAMILY = "1,2";
			};
			name = Debug;
		};
		FC4D529929AD530200AF06A5 /* Release */ = {
			isa = XCBuildConfiguration;
			buildSettings = {
				ASSETCATALOG_COMPILER_APPICON_NAME = AppIcon;
				ASSETCATALOG_COMPILER_GLOBAL_ACCENT_COLOR_NAME = AccentColor;
				CODE_SIGN_STYLE = Automatic;
				CURRENT_PROJECT_VERSION = 1;
				DEVELOPMENT_ASSET_PATHS = "\"EdTechPlatformApp/Preview Content\"";
				ENABLE_PREVIEWS = YES;
				GENERATE_INFOPLIST_FILE = YES;
				INFOPLIST_KEY_UIApplicationSceneManifest_Generation = YES;
				INFOPLIST_KEY_UIApplicationSupportsIndirectInputEvents = YES;
				INFOPLIST_KEY_UILaunchScreen_Generation = YES;
				INFOPLIST_KEY_UISupportedInterfaceOrientations_iPad = "UIInterfaceOrientationPortrait UIInterfaceOrientationPortraitUpsideDown UIInterfaceOrientationLandscapeLeft UIInterfaceOrientationLandscapeRight";
				INFOPLIST_KEY_UISupportedInterfaceOrientations_iPhone = "UIInterfaceOrientationPortrait UIInterfaceOrientationLandscapeLeft UIInterfaceOrientationLandscapeRight";
				LD_RUNPATH_SEARCH_PATHS = (
					"$(inherited)",
					"@executable_path/Frameworks",
				);
				MARKETING_VERSION = 1.0;
				PRODUCT_BUNDLE_IDENTIFIER = ruttala.EdTechPlatformApp;
				PRODUCT_NAME = "$(TARGET_NAME)";
				SWIFT_EMIT_LOC_STRINGS = YES;
				SWIFT_VERSION = 5.0;
				TARGETED_DEVICE_FAMILY = "1,2";
			};
			name = Release;
		};
/* End XCBuildConfiguration section */

/* Begin XCConfigurationList section */
		FC4D528429AD530100AF06A5 /* Build configuration list for PBXProject "EdTechPlatformApp" */ = {
			isa = XCConfigurationList;
			buildConfigurations = (
				FC4D529529AD530200AF06A5 /* Debug */,
				FC4D529629AD530200AF06A5 /* Release */,
			);
			defaultConfigurationIsVisible = 0;
			defaultConfigurationName = Release;
		};
		FC4D529729AD530200AF06A5 /* Build configuration list for PBXNativeTarget "EdTechPlatformApp" */ = {
			isa = XCConfigurationList;
			buildConfigurations = (
				FC4D529829AD530200AF06A5 /* Debug */,
				FC4D529929AD530200AF06A5 /* Release */,
			);
			defaultConfigurationIsVisible = 0;
			defaultConfigurationName = Release;
		};
/* End XCConfigurationList section */
	};
	rootObject = FC4D528129AD530100AF06A5 /* Project object */;
}
